
Microsoft Visual Studio Solution File, Format Version 12.00
# Visual Studio Version 16
VisualStudioVersion = 16.0.29613.14
MinimumVisualStudioVersion = 10.0.40219.1
Project("{FAE04EC0-301F-11D3-BF4B-00C04F79EFBC}") = "ASPNet_API_Project", "ASPNet_API_Project\ASPNet_API_Project.csproj", "{DF5D5DA3-7F32-427F-8C2B-149E8B733E15}"
EndProject
Project("{FAE04EC0-301F-11D3-BF4B-00C04F79EFBC}") = "ASPNet_MVC_Project", "ASPNet_MVC_Project\ASPNet_MVC_Project.csproj", "{6E8AAD95-80FF-415B-B990-E069493BADDD}"
EndProject
Global
	GlobalSection(SolutionConfigurationPlatforms) = preSolution
		Debug|Any CPU = Debug|Any CPU
		Release|Any CPU = Release|Any CPU
	EndGlobalSection
	GlobalSection(ProjectConfigurationPlatforms) = postSolution
		{DF5D5DA3-7F32-427F-8C2B-149E8B733E15}.Debug|Any CPU.ActiveCfg = Debug|Any CPU
		{DF5D5DA3-7F32-427F-8C2B-149E8B733E15}.Debug|Any CPU.Build.0 = Debug|Any CPU
		{DF5D5DA3-7F32-427F-8C2B-149E8B733E15}.Release|Any CPU.ActiveCfg = Release|Any CPU
		{DF5D5DA3-7F32-427F-8C2B-149E8B733E15}.Release|Any CPU.Build.0 = Release|Any CPU
		{6E8AAD95-80FF-415B-B990-E069493BADDD}.Debug|Any CPU.ActiveCfg = Debug|Any CPU
		{6E8AAD95-80FF-415B-B990-E069493BADDD}.Debug|Any CPU.Build.0 = Debug|Any CPU
		{6E8AAD95-80FF-415B-B990-E069493BADDD}.Release|Any CPU.ActiveCfg = Release|Any CPU
		{6E8AAD95-80FF-415B-B990-E069493BADDD}.Release|Any CPU.Build.0 = Release|Any CPU
	EndGlobalSection
	GlobalSection(SolutionProperties) = preSolution
		HideSolutionNode = FALSE
	EndGlobalSection
	GlobalSection(ExtensibilityGlobals) = postSolution
		SolutionGuid = {D5AF86BB-64EB-46D4-A735-E5052E106EA3}
	EndGlobalSection
EndGlobal
